
Microsoft Visual Studio Solution File, Format Version 12.00
# Visual Studio Version 17
VisualStudioVersion = 17.2.32630.192
MinimumVisualStudioVersion = 10.0.40219.1
Project("{9A19103F-16F7-4668-BE54-9A1E7A4F7556}") = "R5T.S0031.Deploy", "R5T.S0031.Deploy\R5T.S0031.Deploy.csproj", "{427FB47E-6079-449D-A02A-9C9583D9905E}"
EndProject
Project("{2150E333-8FDC-42A3-9474-1A3956D46DE8}") = "_Dependencies", "_Dependencies", "{A01E95E4-AB75-49A8-B950-1FF1B3C70A2D}"
EndProject
Project("{9A19103F-16F7-4668-BE54-9A1E7A4F7556}") = "R5T.F0000", "..\..\R5T.F0000\source\R5T.F0000\R5T.F0000.csproj", "{8126EABF-F96D-4F39-8D0C-CFE8B297F73D}"
EndProject
Project("{9A19103F-16F7-4668-BE54-9A1E7A4F7556}") = "R5T.F0002", "..\..\R5T.F0002\source\R5T.F0002\R5T.F0002.csproj", "{C9D7B8C3-F08F-4D29-AFBA-34D18F9355EA}"
EndProject
Project("{9A19103F-16F7-4668-BE54-9A1E7A4F7556}") = "R5T.F0016.F001", "..\..\R5T.F0016\source\R5T.F0016.F001\R5T.F0016.F001.csproj", "{CCBC2314-B719-4EA5-B261-8F035B505F6F}"
EndProject
Project("{9A19103F-16F7-4668-BE54-9A1E7A4F7556}") = "R5T.F0016", "..\..\R5T.F0016\source\R5T.F0016\R5T.F0016.csproj", "{373CBFF3-59B8-474C-A08C-07BFB8749A8D}"
EndProject
Project("{9A19103F-16F7-4668-BE54-9A1E7A4F7556}") = "R5T.F0020", "..\..\R5T.F0020\source\R5T.F0020\R5T.F0020.csproj", "{FCF3A7A3-DE3A-456A-9CD6-3F772517A593}"
EndProject
Project("{9A19103F-16F7-4668-BE54-9A1E7A4F7556}") = "R5T.F0026", "..\..\R5T.F0026\source\R5T.F0026\R5T.F0026.csproj", "{D733B9B9-6B9A-43A8-973C-D40C7B692000}"
EndProject
Project("{9A19103F-16F7-4668-BE54-9A1E7A4F7556}") = "R5T.F0027", "..\..\R5T.F0027\source\R5T.F0027\R5T.F0027.csproj", "{FA67E155-3D92-44B8-9C3A-CF3571A97EC4}"
EndProject
Project("{9A19103F-16F7-4668-BE54-9A1E7A4F7556}") = "R5T.F0029", "..\..\R5T.F0029\source\R5T.F0029\R5T.F0029.csproj", "{09E83C0F-7687-491B-9BF2-0A31EE958F88}"
EndProject
Project("{9A19103F-16F7-4668-BE54-9A1E7A4F7556}") = "R5T.F0030", "..\..\R5T.F0030\source\R5T.F0030\R5T.F0030.csproj", "{8D0CC7AF-5F61-44B6-A103-AB1AD92C6E8D}"
EndProject
Project("{9A19103F-16F7-4668-BE54-9A1E7A4F7556}") = "R5T.F0034", "..\..\R5T.F0034\source\R5T.F0034\R5T.F0034.csproj", "{9D68D711-37F4-425A-8FC9-F852477E81F3}"
EndProject
Project("{9A19103F-16F7-4668-BE54-9A1E7A4F7556}") = "R5T.F0035", "..\..\R5T.F0035\source\R5T.F0035\R5T.F0035.csproj", "{E17E28D9-42E0-429E-AFCB-9F0415D77E46}"
EndProject
Project("{9A19103F-16F7-4668-BE54-9A1E7A4F7556}") = "R5T.F0040.F000", "..\..\R5T.F0040\source\R5T.F0040.F000\R5T.F0040.F000.csproj", "{1AAE5DB0-CA80-4A01-9911-83499ABEF184}"
EndProject
Project("{9A19103F-16F7-4668-BE54-9A1E7A4F7556}") = "R5T.F0052", "..\..\R5T.F0052\source\R5T.F0052\R5T.F0052.csproj", "{A6602448-F791-4CD4-BA2C-BFE2DAEA57E7}"
EndProject
Project("{9A19103F-16F7-4668-BE54-9A1E7A4F7556}") = "R5T.F0053", "..\..\R5T.F0053\source\R5T.F0053\R5T.F0053.csproj", "{692142BE-A4A9-4D55-9780-736E0C87DCAF}"
EndProject
Project("{9A19103F-16F7-4668-BE54-9A1E7A4F7556}") = "R5T.F0054", "..\..\R5T.F0054\source\R5T.F0054\R5T.F0054.csproj", "{0FED7DDA-5D33-49F4-88C5-B2614A020626}"
EndProject
Project("{9A19103F-16F7-4668-BE54-9A1E7A4F7556}") = "R5T.F0076", "..\..\R5T.F0076\source\R5T.F0076\R5T.F0076.csproj", "{8C9B5AF3-CCCB-45FF-AC1B-9099C912F6D3}"
EndProject
Project("{9A19103F-16F7-4668-BE54-9A1E7A4F7556}") = "R5T.F0077", "..\..\R5T.F0077\source\R5T.F0077\R5T.F0077.csproj", "{A6C7FF6E-7CD5-47F4-8F3A-32B93E433C02}"
EndProject
Project("{9A19103F-16F7-4668-BE54-9A1E7A4F7556}") = "R5T.F0096", "..\..\R5T.F0096\source\R5T.F0096\R5T.F0096.csproj", "{D5C1D284-B683-4072-85F8-3B20A0ACFCF8}"
EndProject
Project("{9A19103F-16F7-4668-BE54-9A1E7A4F7556}") = "R5T.L0015", "..\..\R5T.L0015\source\R5T.L0015\R5T.L0015.csproj", "{87AB1711-1B06-4161-BFFE-62CDF2D9958E}"
EndProject
Project("{9A19103F-16F7-4668-BE54-9A1E7A4F7556}") = "R5T.L0024", "..\..\R5T.L0024\source\R5T.L0024\R5T.L0024.csproj", "{CA05876D-AE73-482A-B942-4002F9337477}"
EndProject
Project("{9A19103F-16F7-4668-BE54-9A1E7A4F7556}") = "R5T.L0028", "..\..\R5T.L0028\source\R5T.L0028\R5T.L0028.csproj", "{4B0F7EDB-CADB-4D55-AE07-58FBAB3520C7}"
EndProject
Project("{9A19103F-16F7-4668-BE54-9A1E7A4F7556}") = "R5T.L0029", "..\..\R5T.L0029\source\R5T.L0029\R5T.L0029.csproj", "{6D96511D-53E9-49E4-A1F0-56B9DEA07BFA}"
EndProject
Project("{9A19103F-16F7-4668-BE54-9A1E7A4F7556}") = "R5T.NG0002", "..\..\R5T.NG0002\source\R5T.NG0002\R5T.NG0002.csproj", "{3B0D9B82-3F26-4975-A461-7D95722BB7A2}"
EndProject
Project("{9A19103F-16F7-4668-BE54-9A1E7A4F7556}") = "R5T.NG0003", "..\..\R5T.NG0003\source\R5T.NG0003\R5T.NG0003.csproj", "{C3A3F6EC-7C42-44B1-BB9D-5189F376334C}"
EndProject
Project("{9A19103F-16F7-4668-BE54-9A1E7A4F7556}") = "R5T.NG0006", "..\..\R5T.NG0006\source\R5T.NG0006\R5T.NG0006.csproj", "{35BD747F-FDF0-4868-9489-4DEE242605C6}"
EndProject
Project("{9A19103F-16F7-4668-BE54-9A1E7A4F7556}") = "R5T.T0131", "..\..\R5T.T0131\source\R5T.T0131\R5T.T0131.csproj", "{12A224F8-F779-4F24-A3E5-F79734EDE6C0}"
EndProject
Project("{9A19103F-16F7-4668-BE54-9A1E7A4F7556}") = "R5T.T0132", "..\..\R5T.T0132\source\R5T.T0132\R5T.T0132.csproj", "{46D8FD60-7C5A-4851-9A26-3031A7CFBE0D}"
EndProject
Project("{9A19103F-16F7-4668-BE54-9A1E7A4F7556}") = "R5T.T0142", "..\..\R5T.T0142\source\R5T.T0142\R5T.T0142.csproj", "{42B64407-9250-4C47-B1C0-145D1E16E5BA}"
EndProject
Project("{9A19103F-16F7-4668-BE54-9A1E7A4F7556}") = "R5T.T0143", "..\..\R5T.T0143\source\R5T.T0143\R5T.T0143.csproj", "{3F447D5A-E52E-4F9F-A168-638DA6CE2FBF}"
EndProject
Project("{9A19103F-16F7-4668-BE54-9A1E7A4F7556}") = "R5T.T0144", "..\..\R5T.T0144\source\R5T.T0144\R5T.T0144.csproj", "{3CEA15ED-B028-476A-907B-BB69270CC163}"
EndProject
Project("{9A19103F-16F7-4668-BE54-9A1E7A4F7556}") = "R5T.T0145", "..\..\R5T.T0145\source\R5T.T0145\R5T.T0145.csproj", "{CE031D23-E493-41D9-9138-92BF6B588051}"
EndProject
Project("{9A19103F-16F7-4668-BE54-9A1E7A4F7556}") = "R5T.T0152", "..\..\R5T.T0152\source\R5T.T0152\R5T.T0152.csproj", "{23E0F0C6-BCA9-4ABE-86BB-DEA4C75C52CB}"
EndProject
Project("{9A19103F-16F7-4668-BE54-9A1E7A4F7556}") = "R5T.T0156", "..\..\R5T.T0156\source\R5T.T0156\R5T.T0156.csproj", "{FCA2D74B-E827-4ED4-AB07-401D27C3F4BF}"
EndProject
Project("{9A19103F-16F7-4668-BE54-9A1E7A4F7556}") = "R5T.Y0000", "..\..\R5T.Y0000\source\R5T.Y0000\R5T.Y0000.csproj", "{3970E4A3-9599-49BE-8C6D-23701333697A}"
EndProject
Project("{9A19103F-16F7-4668-BE54-9A1E7A4F7556}") = "R5T.Z0000", "..\..\R5T.Z0000\source\R5T.Z0000\R5T.Z0000.csproj", "{B175C45A-5535-4565-80D9-5C3D5ED9760C}"
EndProject
Project("{9A19103F-16F7-4668-BE54-9A1E7A4F7556}") = "R5T.Z0011", "..\..\R5T.Z0011\source\R5T.Z0011\R5T.Z0011.csproj", "{07E88304-AF40-4BF9-93C9-E71D9F820F8D}"
EndProject
Project("{9A19103F-16F7-4668-BE54-9A1E7A4F7556}") = "R5T.Z0017", "..\..\R5T.Z0017.Private\source\R5T.Z0017\R5T.Z0017.csproj", "{8BCB4655-AA4B-4240-BE72-76292522B749}"
EndProject
Project("{9A19103F-16F7-4668-BE54-9A1E7A4F7556}") = "R5T.Z0024", "..\..\R5T.Z0024.Private\source\R5T.Z0024\R5T.Z0024.csproj", "{CA6826E0-1BB9-4A91-9025-5F8BA3198719}"
EndProject
Global
	GlobalSection(NestedProjects) = preSolution
		{8126EABF-F96D-4F39-8D0C-CFE8B297F73D} = {A01E95E4-AB75-49A8-B950-1FF1B3C70A2D}
		{C9D7B8C3-F08F-4D29-AFBA-34D18F9355EA} = {A01E95E4-AB75-49A8-B950-1FF1B3C70A2D}
		{CCBC2314-B719-4EA5-B261-8F035B505F6F} = {A01E95E4-AB75-49A8-B950-1FF1B3C70A2D}
		{373CBFF3-59B8-474C-A08C-07BFB8749A8D} = {A01E95E4-AB75-49A8-B950-1FF1B3C70A2D}
		{FCF3A7A3-DE3A-456A-9CD6-3F772517A593} = {A01E95E4-AB75-49A8-B950-1FF1B3C70A2D}
		{D733B9B9-6B9A-43A8-973C-D40C7B692000} = {A01E95E4-AB75-49A8-B950-1FF1B3C70A2D}
		{FA67E155-3D92-44B8-9C3A-CF3571A97EC4} = {A01E95E4-AB75-49A8-B950-1FF1B3C70A2D}
		{09E83C0F-7687-491B-9BF2-0A31EE958F88} = {A01E95E4-AB75-49A8-B950-1FF1B3C70A2D}
		{8D0CC7AF-5F61-44B6-A103-AB1AD92C6E8D} = {A01E95E4-AB75-49A8-B950-1FF1B3C70A2D}
		{9D68D711-37F4-425A-8FC9-F852477E81F3} = {A01E95E4-AB75-49A8-B950-1FF1B3C70A2D}
		{E17E28D9-42E0-429E-AFCB-9F0415D77E46} = {A01E95E4-AB75-49A8-B950-1FF1B3C70A2D}
		{1AAE5DB0-CA80-4A01-9911-83499ABEF184} = {A01E95E4-AB75-49A8-B950-1FF1B3C70A2D}
		{A6602448-F791-4CD4-BA2C-BFE2DAEA57E7} = {A01E95E4-AB75-49A8-B950-1FF1B3C70A2D}
		{692142BE-A4A9-4D55-9780-736E0C87DCAF} = {A01E95E4-AB75-49A8-B950-1FF1B3C70A2D}
		{0FED7DDA-5D33-49F4-88C5-B2614A020626} = {A01E95E4-AB75-49A8-B950-1FF1B3C70A2D}
		{8C9B5AF3-CCCB-45FF-AC1B-9099C912F6D3} = {A01E95E4-AB75-49A8-B950-1FF1B3C70A2D}
		{A6C7FF6E-7CD5-47F4-8F3A-32B93E433C02} = {A01E95E4-AB75-49A8-B950-1FF1B3C70A2D}
		{D5C1D284-B683-4072-85F8-3B20A0ACFCF8} = {A01E95E4-AB75-49A8-B950-1FF1B3C70A2D}
		{87AB1711-1B06-4161-BFFE-62CDF2D9958E} = {A01E95E4-AB75-49A8-B950-1FF1B3C70A2D}
		{CA05876D-AE73-482A-B942-4002F9337477} = {A01E95E4-AB75-49A8-B950-1FF1B3C70A2D}
		{4B0F7EDB-CADB-4D55-AE07-58FBAB3520C7} = {A01E95E4-AB75-49A8-B950-1FF1B3C70A2D}
		{6D96511D-53E9-49E4-A1F0-56B9DEA07BFA} = {A01E95E4-AB75-49A8-B950-1FF1B3C70A2D}
		{3B0D9B82-3F26-4975-A461-7D95722BB7A2} = {A01E95E4-AB75-49A8-B950-1FF1B3C70A2D}
		{C3A3F6EC-7C42-44B1-BB9D-5189F376334C} = {A01E95E4-AB75-49A8-B950-1FF1B3C70A2D}
		{35BD747F-FDF0-4868-9489-4DEE242605C6} = {A01E95E4-AB75-49A8-B950-1FF1B3C70A2D}
		{12A224F8-F779-4F24-A3E5-F79734EDE6C0} = {A01E95E4-AB75-49A8-B950-1FF1B3C70A2D}
		{46D8FD60-7C5A-4851-9A26-3031A7CFBE0D} = {A01E95E4-AB75-49A8-B950-1FF1B3C70A2D}
		{42B64407-9250-4C47-B1C0-145D1E16E5BA} = {A01E95E4-AB75-49A8-B950-1FF1B3C70A2D}
		{3F447D5A-E52E-4F9F-A168-638DA6CE2FBF} = {A01E95E4-AB75-49A8-B950-1FF1B3C70A2D}
		{3CEA15ED-B028-476A-907B-BB69270CC163} = {A01E95E4-AB75-49A8-B950-1FF1B3C70A2D}
		{CE031D23-E493-41D9-9138-92BF6B588051} = {A01E95E4-AB75-49A8-B950-1FF1B3C70A2D}
		{23E0F0C6-BCA9-4ABE-86BB-DEA4C75C52CB} = {A01E95E4-AB75-49A8-B950-1FF1B3C70A2D}
		{FCA2D74B-E827-4ED4-AB07-401D27C3F4BF} = {A01E95E4-AB75-49A8-B950-1FF1B3C70A2D}
		{3970E4A3-9599-49BE-8C6D-23701333697A} = {A01E95E4-AB75-49A8-B950-1FF1B3C70A2D}
		{B175C45A-5535-4565-80D9-5C3D5ED9760C} = {A01E95E4-AB75-49A8-B950-1FF1B3C70A2D}
		{07E88304-AF40-4BF9-93C9-E71D9F820F8D} = {A01E95E4-AB75-49A8-B950-1FF1B3C70A2D}
		{8BCB4655-AA4B-4240-BE72-76292522B749} = {A01E95E4-AB75-49A8-B950-1FF1B3C70A2D}
		{CA6826E0-1BB9-4A91-9025-5F8BA3198719} = {A01E95E4-AB75-49A8-B950-1FF1B3C70A2D}
	EndGlobalSection
	GlobalSection(SolutionConfigurationPlatforms) = preSolution
		Debug|Any CPU = Debug|Any CPU
		Release|Any CPU = Release|Any CPU
	EndGlobalSection
	GlobalSection(ProjectConfigurationPlatforms) = postSolution
		{427FB47E-6079-449D-A02A-9C9583D9905E}.Debug|Any CPU.ActiveCfg = Debug|Any CPU
		{427FB47E-6079-449D-A02A-9C9583D9905E}.Debug|Any CPU.Build.0 = Debug|Any CPU
		{427FB47E-6079-449D-A02A-9C9583D9905E}.Release|Any CPU.ActiveCfg = Release|Any CPU
		{427FB47E-6079-449D-A02A-9C9583D9905E}.Release|Any CPU.Build.0 = Release|Any CPU
		{8126EABF-F96D-4F39-8D0C-CFE8B297F73D}.Debug|Any CPU.ActiveCfg = Debug|Any CPU
		{8126EABF-F96D-4F39-8D0C-CFE8B297F73D}.Debug|Any CPU.Build.0 = Debug|Any CPU
		{8126EABF-F96D-4F39-8D0C-CFE8B297F73D}.Release|Any CPU.ActiveCfg = Release|Any CPU
		{8126EABF-F96D-4F39-8D0C-CFE8B297F73D}.Release|Any CPU.Build.0 = Release|Any CPU
		{C9D7B8C3-F08F-4D29-AFBA-34D18F9355EA}.Debug|Any CPU.ActiveCfg = Debug|Any CPU
		{C9D7B8C3-F08F-4D29-AFBA-34D18F9355EA}.Debug|Any CPU.Build.0 = Debug|Any CPU
		{C9D7B8C3-F08F-4D29-AFBA-34D18F9355EA}.Release|Any CPU.ActiveCfg = Release|Any CPU
		{C9D7B8C3-F08F-4D29-AFBA-34D18F9355EA}.Release|Any CPU.Build.0 = Release|Any CPU
		{CCBC2314-B719-4EA5-B261-8F035B505F6F}.Debug|Any CPU.ActiveCfg = Debug|Any CPU
		{CCBC2314-B719-4EA5-B261-8F035B505F6F}.Debug|Any CPU.Build.0 = Debug|Any CPU
		{CCBC2314-B719-4EA5-B261-8F035B505F6F}.Release|Any CPU.ActiveCfg = Release|Any CPU
		{CCBC2314-B719-4EA5-B261-8F035B505F6F}.Release|Any CPU.Build.0 = Release|Any CPU
		{373CBFF3-59B8-474C-A08C-07BFB8749A8D}.Debug|Any CPU.ActiveCfg = Debug|Any CPU
		{373CBFF3-59B8-474C-A08C-07BFB8749A8D}.Debug|Any CPU.Build.0 = Debug|Any CPU
		{373CBFF3-59B8-474C-A08C-07BFB8749A8D}.Release|Any CPU.ActiveCfg = Release|Any CPU
		{373CBFF3-59B8-474C-A08C-07BFB8749A8D}.Release|Any CPU.Build.0 = Release|Any CPU
		{FCF3A7A3-DE3A-456A-9CD6-3F772517A593}.Debug|Any CPU.ActiveCfg = Debug|Any CPU
		{FCF3A7A3-DE3A-456A-9CD6-3F772517A593}.Debug|Any CPU.Build.0 = Debug|Any CPU
		{FCF3A7A3-DE3A-456A-9CD6-3F772517A593}.Release|Any CPU.ActiveCfg = Release|Any CPU
		{FCF3A7A3-DE3A-456A-9CD6-3F772517A593}.Release|Any CPU.Build.0 = Release|Any CPU
		{D733B9B9-6B9A-43A8-973C-D40C7B692000}.Debug|Any CPU.ActiveCfg = Debug|Any CPU
		{D733B9B9-6B9A-43A8-973C-D40C7B692000}.Debug|Any CPU.Build.0 = Debug|Any CPU
		{D733B9B9-6B9A-43A8-973C-D40C7B692000}.Release|Any CPU.ActiveCfg = Release|Any CPU
		{D733B9B9-6B9A-43A8-973C-D40C7B692000}.Release|Any CPU.Build.0 = Release|Any CPU
		{FA67E155-3D92-44B8-9C3A-CF3571A97EC4}.Debug|Any CPU.ActiveCfg = Debug|Any CPU
		{FA67E155-3D92-44B8-9C3A-CF3571A97EC4}.Debug|Any CPU.Build.0 = Debug|Any CPU
		{FA67E155-3D92-44B8-9C3A-CF3571A97EC4}.Release|Any CPU.ActiveCfg = Release|Any CPU
		{FA67E155-3D92-44B8-9C3A-CF3571A97EC4}.Release|Any CPU.Build.0 = Release|Any CPU
		{09E83C0F-7687-491B-9BF2-0A31EE958F88}.Debug|Any CPU.ActiveCfg = Debug|Any CPU
		{09E83C0F-7687-491B-9BF2-0A31EE958F88}.Debug|Any CPU.Build.0 = Debug|Any CPU
		{09E83C0F-7687-491B-9BF2-0A31EE958F88}.Release|Any CPU.ActiveCfg = Release|Any CPU
		{09E83C0F-7687-491B-9BF2-0A31EE958F88}.Release|Any CPU.Build.0 = Release|Any CPU
		{8D0CC7AF-5F61-44B6-A103-AB1AD92C6E8D}.Debug|Any CPU.ActiveCfg = Debug|Any CPU
		{8D0CC7AF-5F61-44B6-A103-AB1AD92C6E8D}.Debug|Any CPU.Build.0 = Debug|Any CPU
		{8D0CC7AF-5F61-44B6-A103-AB1AD92C6E8D}.Release|Any CPU.ActiveCfg = Release|Any CPU
		{8D0CC7AF-5F61-44B6-A103-AB1AD92C6E8D}.Release|Any CPU.Build.0 = Release|Any CPU
		{9D68D711-37F4-425A-8FC9-F852477E81F3}.Debug|Any CPU.ActiveCfg = Debug|Any CPU
		{9D68D711-37F4-425A-8FC9-F852477E81F3}.Debug|Any CPU.Build.0 = Debug|Any CPU
		{9D68D711-37F4-425A-8FC9-F852477E81F3}.Release|Any CPU.ActiveCfg = Release|Any CPU
		{9D68D711-37F4-425A-8FC9-F852477E81F3}.Release|Any CPU.Build.0 = Release|Any CPU
		{E17E28D9-42E0-429E-AFCB-9F0415D77E46}.Debug|Any CPU.ActiveCfg = Debug|Any CPU
		{E17E28D9-42E0-429E-AFCB-9F0415D77E46}.Debug|Any CPU.Build.0 = Debug|Any CPU
		{E17E28D9-42E0-429E-AFCB-9F0415D77E46}.Release|Any CPU.ActiveCfg = Release|Any CPU
		{E17E28D9-42E0-429E-AFCB-9F0415D77E46}.Release|Any CPU.Build.0 = Release|Any CPU
		{1AAE5DB0-CA80-4A01-9911-83499ABEF184}.Debug|Any CPU.ActiveCfg = Debug|Any CPU
		{1AAE5DB0-CA80-4A01-9911-83499ABEF184}.Debug|Any CPU.Build.0 = Debug|Any CPU
		{1AAE5DB0-CA80-4A01-9911-83499ABEF184}.Release|Any CPU.ActiveCfg = Release|Any CPU
		{1AAE5DB0-CA80-4A01-9911-83499ABEF184}.Release|Any CPU.Build.0 = Release|Any CPU
		{A6602448-F791-4CD4-BA2C-BFE2DAEA57E7}.Debug|Any CPU.ActiveCfg = Debug|Any CPU
		{A6602448-F791-4CD4-BA2C-BFE2DAEA57E7}.Debug|Any CPU.Build.0 = Debug|Any CPU
		{A6602448-F791-4CD4-BA2C-BFE2DAEA57E7}.Release|Any CPU.ActiveCfg = Release|Any CPU
		{A6602448-F791-4CD4-BA2C-BFE2DAEA57E7}.Release|Any CPU.Build.0 = Release|Any CPU
		{692142BE-A4A9-4D55-9780-736E0C87DCAF}.Debug|Any CPU.ActiveCfg = Debug|Any CPU
		{692142BE-A4A9-4D55-9780-736E0C87DCAF}.Debug|Any CPU.Build.0 = Debug|Any CPU
		{692142BE-A4A9-4D55-9780-736E0C87DCAF}.Release|Any CPU.ActiveCfg = Release|Any CPU
		{692142BE-A4A9-4D55-9780-736E0C87DCAF}.Release|Any CPU.Build.0 = Release|Any CPU
		{0FED7DDA-5D33-49F4-88C5-B2614A020626}.Debug|Any CPU.ActiveCfg = Debug|Any CPU
		{0FED7DDA-5D33-49F4-88C5-B2614A020626}.Debug|Any CPU.Build.0 = Debug|Any CPU
		{0FED7DDA-5D33-49F4-88C5-B2614A020626}.Release|Any CPU.ActiveCfg = Release|Any CPU
		{0FED7DDA-5D33-49F4-88C5-B2614A020626}.Release|Any CPU.Build.0 = Release|Any CPU
		{8C9B5AF3-CCCB-45FF-AC1B-9099C912F6D3}.Debug|Any CPU.ActiveCfg = Debug|Any CPU
		{8C9B5AF3-CCCB-45FF-AC1B-9099C912F6D3}.Debug|Any CPU.Build.0 = Debug|Any CPU
		{8C9B5AF3-CCCB-45FF-AC1B-9099C912F6D3}.Release|Any CPU.ActiveCfg = Release|Any CPU
		{8C9B5AF3-CCCB-45FF-AC1B-9099C912F6D3}.Release|Any CPU.Build.0 = Release|Any CPU
		{A6C7FF6E-7CD5-47F4-8F3A-32B93E433C02}.Debug|Any CPU.ActiveCfg = Debug|Any CPU
		{A6C7FF6E-7CD5-47F4-8F3A-32B93E433C02}.Debug|Any CPU.Build.0 = Debug|Any CPU
		{A6C7FF6E-7CD5-47F4-8F3A-32B93E433C02}.Release|Any CPU.ActiveCfg = Release|Any CPU
		{A6C7FF6E-7CD5-47F4-8F3A-32B93E433C02}.Release|Any CPU.Build.0 = Release|Any CPU
		{D5C1D284-B683-4072-85F8-3B20A0ACFCF8}.Debug|Any CPU.ActiveCfg = Debug|Any CPU
		{D5C1D284-B683-4072-85F8-3B20A0ACFCF8}.Debug|Any CPU.Build.0 = Debug|Any CPU
		{D5C1D284-B683-4072-85F8-3B20A0ACFCF8}.Release|Any CPU.ActiveCfg = Release|Any CPU
		{D5C1D284-B683-4072-85F8-3B20A0ACFCF8}.Release|Any CPU.Build.0 = Release|Any CPU
		{87AB1711-1B06-4161-BFFE-62CDF2D9958E}.Debug|Any CPU.ActiveCfg = Debug|Any CPU
		{87AB1711-1B06-4161-BFFE-62CDF2D9958E}.Debug|Any CPU.Build.0 = Debug|Any CPU
		{87AB1711-1B06-4161-BFFE-62CDF2D9958E}.Release|Any CPU.ActiveCfg = Release|Any CPU
		{87AB1711-1B06-4161-BFFE-62CDF2D9958E}.Release|Any CPU.Build.0 = Release|Any CPU
		{CA05876D-AE73-482A-B942-4002F9337477}.Debug|Any CPU.ActiveCfg = Debug|Any CPU
		{CA05876D-AE73-482A-B942-4002F9337477}.Debug|Any CPU.Build.0 = Debug|Any CPU
		{CA05876D-AE73-482A-B942-4002F9337477}.Release|Any CPU.ActiveCfg = Release|Any CPU
		{CA05876D-AE73-482A-B942-4002F9337477}.Release|Any CPU.Build.0 = Release|Any CPU
		{4B0F7EDB-CADB-4D55-AE07-58FBAB3520C7}.Debug|Any CPU.ActiveCfg = Debug|Any CPU
		{4B0F7EDB-CADB-4D55-AE07-58FBAB3520C7}.Debug|Any CPU.Build.0 = Debug|Any CPU
		{4B0F7EDB-CADB-4D55-AE07-58FBAB3520C7}.Release|Any CPU.ActiveCfg = Release|Any CPU
		{4B0F7EDB-CADB-4D55-AE07-58FBAB3520C7}.Release|Any CPU.Build.0 = Release|Any CPU
		{6D96511D-53E9-49E4-A1F0-56B9DEA07BFA}.Debug|Any CPU.ActiveCfg = Debug|Any CPU
		{6D96511D-53E9-49E4-A1F0-56B9DEA07BFA}.Debug|Any CPU.Build.0 = Debug|Any CPU
		{6D96511D-53E9-49E4-A1F0-56B9DEA07BFA}.Release|Any CPU.ActiveCfg = Release|Any CPU
		{6D96511D-53E9-49E4-A1F0-56B9DEA07BFA}.Release|Any CPU.Build.0 = Release|Any CPU
		{3B0D9B82-3F26-4975-A461-7D95722BB7A2}.Debug|Any CPU.ActiveCfg = Debug|Any CPU
		{3B0D9B82-3F26-4975-A461-7D95722BB7A2}.Debug|Any CPU.Build.0 = Debug|Any CPU
		{3B0D9B82-3F26-4975-A461-7D95722BB7A2}.Release|Any CPU.ActiveCfg = Release|Any CPU
		{3B0D9B82-3F26-4975-A461-7D95722BB7A2}.Release|Any CPU.Build.0 = Release|Any CPU
		{C3A3F6EC-7C42-44B1-BB9D-5189F376334C}.Debug|Any CPU.ActiveCfg = Debug|Any CPU
		{C3A3F6EC-7C42-44B1-BB9D-5189F376334C}.Debug|Any CPU.Build.0 = Debug|Any CPU
		{C3A3F6EC-7C42-44B1-BB9D-5189F376334C}.Release|Any CPU.ActiveCfg = Release|Any CPU
		{C3A3F6EC-7C42-44B1-BB9D-5189F376334C}.Release|Any CPU.Build.0 = Release|Any CPU
		{35BD747F-FDF0-4868-9489-4DEE242605C6}.Debug|Any CPU.ActiveCfg = Debug|Any CPU
		{35BD747F-FDF0-4868-9489-4DEE242605C6}.Debug|Any CPU.Build.0 = Debug|Any CPU
		{35BD747F-FDF0-4868-9489-4DEE242605C6}.Release|Any CPU.ActiveCfg = Release|Any CPU
		{35BD747F-FDF0-4868-9489-4DEE242605C6}.Release|Any CPU.Build.0 = Release|Any CPU
		{12A224F8-F779-4F24-A3E5-F79734EDE6C0}.Debug|Any CPU.ActiveCfg = Debug|Any CPU
		{12A224F8-F779-4F24-A3E5-F79734EDE6C0}.Debug|Any CPU.Build.0 = Debug|Any CPU
		{12A224F8-F779-4F24-A3E5-F79734EDE6C0}.Release|Any CPU.ActiveCfg = Release|Any CPU
		{12A224F8-F779-4F24-A3E5-F79734EDE6C0}.Release|Any CPU.Build.0 = Release|Any CPU
		{46D8FD60-7C5A-4851-9A26-3031A7CFBE0D}.Debug|Any CPU.ActiveCfg = Debug|Any CPU
		{46D8FD60-7C5A-4851-9A26-3031A7CFBE0D}.Debug|Any CPU.Build.0 = Debug|Any CPU
		{46D8FD60-7C5A-4851-9A26-3031A7CFBE0D}.Release|Any CPU.ActiveCfg = Release|Any CPU
		{46D8FD60-7C5A-4851-9A26-3031A7CFBE0D}.Release|Any CPU.Build.0 = Release|Any CPU
		{42B64407-9250-4C47-B1C0-145D1E16E5BA}.Debug|Any CPU.ActiveCfg = Debug|Any CPU
		{42B64407-9250-4C47-B1C0-145D1E16E5BA}.Debug|Any CPU.Build.0 = Debug|Any CPU
		{42B64407-9250-4C47-B1C0-145D1E16E5BA}.Release|Any CPU.ActiveCfg = Release|Any CPU
		{42B64407-9250-4C47-B1C0-145D1E16E5BA}.Release|Any CPU.Build.0 = Release|Any CPU
		{3F447D5A-E52E-4F9F-A168-638DA6CE2FBF}.Debug|Any CPU.ActiveCfg = Debug|Any CPU
		{3F447D5A-E52E-4F9F-A168-638DA6CE2FBF}.Debug|Any CPU.Build.0 = Debug|Any CPU
		{3F447D5A-E52E-4F9F-A168-638DA6CE2FBF}.Release|Any CPU.ActiveCfg = Release|Any CPU
		{3F447D5A-E52E-4F9F-A168-638DA6CE2FBF}.Release|Any CPU.Build.0 = Release|Any CPU
		{3CEA15ED-B028-476A-907B-BB69270CC163}.Debug|Any CPU.ActiveCfg = Debug|Any CPU
		{3CEA15ED-B028-476A-907B-BB69270CC163}.Debug|Any CPU.Build.0 = Debug|Any CPU
		{3CEA15ED-B028-476A-907B-BB69270CC163}.Release|Any CPU.ActiveCfg = Release|Any CPU
		{3CEA15ED-B028-476A-907B-BB69270CC163}.Release|Any CPU.Build.0 = Release|Any CPU
		{CE031D23-E493-41D9-9138-92BF6B588051}.Debug|Any CPU.ActiveCfg = Debug|Any CPU
		{CE031D23-E493-41D9-9138-92BF6B588051}.Debug|Any CPU.Build.0 = Debug|Any CPU
		{CE031D23-E493-41D9-9138-92BF6B588051}.Release|Any CPU.ActiveCfg = Release|Any CPU
		{CE031D23-E493-41D9-9138-92BF6B588051}.Release|Any CPU.Build.0 = Release|Any CPU
		{23E0F0C6-BCA9-4ABE-86BB-DEA4C75C52CB}.Debug|Any CPU.ActiveCfg = Debug|Any CPU
		{23E0F0C6-BCA9-4ABE-86BB-DEA4C75C52CB}.Debug|Any CPU.Build.0 = Debug|Any CPU
		{23E0F0C6-BCA9-4ABE-86BB-DEA4C75C52CB}.Release|Any CPU.ActiveCfg = Release|Any CPU
		{23E0F0C6-BCA9-4ABE-86BB-DEA4C75C52CB}.Release|Any CPU.Build.0 = Release|Any CPU
		{FCA2D74B-E827-4ED4-AB07-401D27C3F4BF}.Debug|Any CPU.ActiveCfg = Debug|Any CPU
		{FCA2D74B-E827-4ED4-AB07-401D27C3F4BF}.Debug|Any CPU.Build.0 = Debug|Any CPU
		{FCA2D74B-E827-4ED4-AB07-401D27C3F4BF}.Release|Any CPU.ActiveCfg = Release|Any CPU
		{FCA2D74B-E827-4ED4-AB07-401D27C3F4BF}.Release|Any CPU.Build.0 = Release|Any CPU
		{3970E4A3-9599-49BE-8C6D-23701333697A}.Debug|Any CPU.ActiveCfg = Debug|Any CPU
		{3970E4A3-9599-49BE-8C6D-23701333697A}.Debug|Any CPU.Build.0 = Debug|Any CPU
		{3970E4A3-9599-49BE-8C6D-23701333697A}.Release|Any CPU.ActiveCfg = Release|Any CPU
		{3970E4A3-9599-49BE-8C6D-23701333697A}.Release|Any CPU.Build.0 = Release|Any CPU
		{B175C45A-5535-4565-80D9-5C3D5ED9760C}.Debug|Any CPU.ActiveCfg = Debug|Any CPU
		{B175C45A-5535-4565-80D9-5C3D5ED9760C}.Debug|Any CPU.Build.0 = Debug|Any CPU
		{B175C45A-5535-4565-80D9-5C3D5ED9760C}.Release|Any CPU.ActiveCfg = Release|Any CPU
		{B175C45A-5535-4565-80D9-5C3D5ED9760C}.Release|Any CPU.Build.0 = Release|Any CPU
		{07E88304-AF40-4BF9-93C9-E71D9F820F8D}.Debug|Any CPU.ActiveCfg = Debug|Any CPU
		{07E88304-AF40-4BF9-93C9-E71D9F820F8D}.Debug|Any CPU.Build.0 = Debug|Any CPU
		{07E88304-AF40-4BF9-93C9-E71D9F820F8D}.Release|Any CPU.ActiveCfg = Release|Any CPU
		{07E88304-AF40-4BF9-93C9-E71D9F820F8D}.Release|Any CPU.Build.0 = Release|Any CPU
		{8BCB4655-AA4B-4240-BE72-76292522B749}.Debug|Any CPU.ActiveCfg = Debug|Any CPU
		{8BCB4655-AA4B-4240-BE72-76292522B749}.Debug|Any CPU.Build.0 = Debug|Any CPU
		{8BCB4655-AA4B-4240-BE72-76292522B749}.Release|Any CPU.ActiveCfg = Release|Any CPU
		{8BCB4655-AA4B-4240-BE72-76292522B749}.Release|Any CPU.Build.0 = Release|Any CPU
		{CA6826E0-1BB9-4A91-9025-5F8BA3198719}.Debug|Any CPU.ActiveCfg = Debug|Any CPU
		{CA6826E0-1BB9-4A91-9025-5F8BA3198719}.Debug|Any CPU.Build.0 = Debug|Any CPU
		{CA6826E0-1BB9-4A91-9025-5F8BA3198719}.Release|Any CPU.ActiveCfg = Release|Any CPU
		{CA6826E0-1BB9-4A91-9025-5F8BA3198719}.Release|Any CPU.Build.0 = Release|Any CPU
	EndGlobalSection
	GlobalSection(SolutionProperties) = preSolution
		HideSolutionNode = FALSE
	EndGlobalSection
	GlobalSection(ExtensibilityGlobals) = postSolution
		SolutionGuid = {BD5C49F5-CDCB-42DE-A941-B3262AB0D74C}
	EndGlobalSection
EndGlobal
